{
  "name": "admin-demo-comp",
  "version": "1.0.0",
  "lockfileVersion": 1,
  "requires": true,
  "dependencies": {
    "admin-base": {
      "version": "1.0.0"
    },
    "tinymce": {
      "version": "4.7.11",
      "resolved": "http://registry.npm.taobao.org/tinymce/download/tinymce-4.7.11.tgz",
      "integrity": "sha1-wFmWN8wLwdip30gS0SiNAtPI3vc="
    }
  }
}
