{
  "requires": true,
  "lockfileVersion": 1,
  "dependencies": {
    "echarts": {
      "version": "3.8.5",
      "resolved": "http://132.246.27.4:4873/echarts/-/echarts-3.8.5.tgz",
      "integrity": "sha1-WOSlHSdDxvt1JXsNwKnPn1N4rA4=",
      "requires": {
        "zrender": "3.7.4"
      }
    },
    "vue": {
      "version": "2.5.16",
      "resolved": "http://132.246.27.4:4873/vue/-/vue-2.5.16.tgz",
      "integrity": "sha1-B+23XoQSqu7YceuvqZ9GclhKAIU="
    },
    "vue-echarts-lite": {
      "version": "1.0.4",
      "resolved": "http://132.246.27.4:4873/vue-echarts-lite/-/vue-echarts-lite-1.0.4.tgz",
      "integrity": "sha1-dRuu+ZtDkherge93lZaW2LplL+A=",
      "requires": {
        "echarts": "3.8.5",
        "vue": "2.5.16"
      }
    },
    "zrender": {
      "version": "3.7.4",
      "resolved": "http://132.246.27.4:4873/zrender/-/zrender-3.7.4.tgz",
      "integrity": "sha1-+EfVOUhIHvbUKQbR6prux6y+/fI="
    }
  }
}
