{
	"requires": true,
	"lockfileVersion": 1,
	"dependencies": {
		"echarts": {
			"version": "3.8.5",
			"resolved": "https://registry.npmjs.org/echarts/-/echarts-3.8.5.tgz",
			"integrity": "sha512-E+nnROMfCeiLeoT/fZyX8SE8mKzwkTjyemyoBF543oqjRtjTSKQAVDEihMXy4oC6pJS0tYGdMqCA2ATk8onyRg==",
			"requires": {
				"zrender": "3.7.4"
			}
		},
		"vue-echarts-lite": {
			"version": "1.0.5",
			"resolved": "http://registry.npm.taobao.org/vue-echarts-lite/download/vue-echarts-lite-1.0.5.tgz",
			"integrity": "sha1-VT22LMtCXpLWlCUd7OE4v7R3YBo=",
			"requires": {
				"echarts": "3.8.5"
			}
		},
		"zrender": {
			"version": "3.7.4",
			"resolved": "https://registry.npmjs.org/zrender/-/zrender-3.7.4.tgz",
			"integrity": "sha512-5Nz7+L1wIoL0+Pp/iOP56jD6eD017qC9VRSgUBheXBiAHgOBJZ4uh4/g6e83acIwa8RKSyZf/FlceKu5ntUuxQ=="
		}
	}
}
