{
	"requires": true,
	"lockfileVersion": 1,
	"dependencies": {
		"echarts": {
			"version": "3.8.5",
			"resolved": "https://registry.npmjs.org/echarts/-/echarts-3.8.5.tgz",
			"integrity": "sha512-E+nnROMfCeiLeoT/fZyX8SE8mKzwkTjyemyoBF543oqjRtjTSKQAVDEihMXy4oC6pJS0tYGdMqCA2ATk8onyRg==",
			"requires": {
				"zrender": "3.7.4"
			}
		},
		"vue": {
			"version": "2.5.17",
			"resolved": "https://registry.npmjs.org/vue/-/vue-2.5.17.tgz",
			"integrity": "sha512-mFbcWoDIJi0w0Za4emyLiW72Jae0yjANHbCVquMKijcavBGypqlF7zHRgMa5k4sesdv7hv2rB4JPdZfR+TPfhQ=="
		},
		"vue-echarts-lite": {
			"version": "1.0.4",
			"resolved": "https://registry.npmjs.org/vue-echarts-lite/-/vue-echarts-lite-1.0.4.tgz",
			"integrity": "sha512-zcKfumacx/wp4i7/MWNmJLjPh+o2jkdWFi46rffenRrpZEyXBJBFAHHW2R8p/yHTZNp0ZY11y368tLLOl72xlQ==",
			"requires": {
				"echarts": "^3.0.0",
				"vue": "^2.5.13"
			}
		},
		"zrender": {
			"version": "3.7.4",
			"resolved": "https://registry.npmjs.org/zrender/-/zrender-3.7.4.tgz",
			"integrity": "sha512-5Nz7+L1wIoL0+Pp/iOP56jD6eD017qC9VRSgUBheXBiAHgOBJZ4uh4/g6e83acIwa8RKSyZf/FlceKu5ntUuxQ=="
		}
	}
}
